
Microsoft Visual Studio Solution File, Format Version 12.00
# Visual Studio Version 17
VisualStudioVersion = 17.0.31903.59
MinimumVisualStudioVersion = 10.0.40219.1
Project("{FAE04EC0-301F-11D3-BF4B-00C04F79EFBC}") = "MainApp", "MainApp\MainApp.csproj", "{CC56384D-8D9E-40E1-866F-21F65CF937EC}"
EndProject
Project("{FAE04EC0-301F-11D3-BF4B-00C04F79EFBC}") = "DesignTest", "DesignTest\DesignTest.csproj", "{16765CA4-CAA5-4951-8947-0DA643A6FDF1}"
EndProject
Global
	GlobalSection(SolutionConfigurationPlatforms) = preSolution
		Debug|Any CPU = Debug|Any CPU
		Debug|x64 = Debug|x64
		Release|Any CPU = Release|Any CPU
		Release|x64 = Release|x64
	EndGlobalSection
	GlobalSection(ProjectConfigurationPlatforms) = postSolution
		{CC56384D-8D9E-40E1-866F-21F65CF937EC}.Debug|Any CPU.ActiveCfg = Debug|Any CPU
		{CC56384D-8D9E-40E1-866F-21F65CF937EC}.Debug|Any CPU.Build.0 = Debug|Any CPU
		{CC56384D-8D9E-40E1-866F-21F65CF937EC}.Debug|Any CPU.Deploy.0 = Debug|Any CPU
		{CC56384D-8D9E-40E1-866F-21F65CF937EC}.Debug|x64.ActiveCfg = Debug|x64
		{CC56384D-8D9E-40E1-866F-21F65CF937EC}.Debug|x64.Build.0 = Debug|x64
		{CC56384D-8D9E-40E1-866F-21F65CF937EC}.Debug|x64.Deploy.0 = Debug|x64
		{CC56384D-8D9E-40E1-866F-21F65CF937EC}.Release|Any CPU.ActiveCfg = Release|Any CPU
		{CC56384D-8D9E-40E1-866F-21F65CF937EC}.Release|Any CPU.Build.0 = Release|Any CPU
		{CC56384D-8D9E-40E1-866F-21F65CF937EC}.Release|Any CPU.Deploy.0 = Release|Any CPU
		{CC56384D-8D9E-40E1-866F-21F65CF937EC}.Release|x64.ActiveCfg = Release|x64
		{CC56384D-8D9E-40E1-866F-21F65CF937EC}.Release|x64.Build.0 = Release|x64
		{CC56384D-8D9E-40E1-866F-21F65CF937EC}.Release|x64.Deploy.0 = Release|x64
		{16765CA4-CAA5-4951-8947-0DA643A6FDF1}.Debug|Any CPU.ActiveCfg = Debug|Any CPU
		{16765CA4-CAA5-4951-8947-0DA643A6FDF1}.Debug|Any CPU.Build.0 = Debug|Any CPU
		{16765CA4-CAA5-4951-8947-0DA643A6FDF1}.Debug|Any CPU.Deploy.0 = Debug|Any CPU
		{16765CA4-CAA5-4951-8947-0DA643A6FDF1}.Debug|x64.ActiveCfg = Debug|Any CPU
		{16765CA4-CAA5-4951-8947-0DA643A6FDF1}.Debug|x64.Build.0 = Debug|Any CPU
		{16765CA4-CAA5-4951-8947-0DA643A6FDF1}.Debug|x64.Deploy.0 = Debug|Any CPU
		{16765CA4-CAA5-4951-8947-0DA643A6FDF1}.Release|Any CPU.ActiveCfg = Release|Any CPU
		{16765CA4-CAA5-4951-8947-0DA643A6FDF1}.Release|Any CPU.Build.0 = Release|Any CPU
		{16765CA4-CAA5-4951-8947-0DA643A6FDF1}.Release|Any CPU.Deploy.0 = Release|Any CPU
		{16765CA4-CAA5-4951-8947-0DA643A6FDF1}.Release|x64.ActiveCfg = Release|Any CPU
		{16765CA4-CAA5-4951-8947-0DA643A6FDF1}.Release|x64.Build.0 = Release|Any CPU
		{16765CA4-CAA5-4951-8947-0DA643A6FDF1}.Release|x64.Deploy.0 = Release|Any CPU
	EndGlobalSection
	GlobalSection(SolutionProperties) = preSolution
		HideSolutionNode = FALSE
	EndGlobalSection
	GlobalSection(ExtensibilityGlobals) = postSolution
		SolutionGuid = {5F24A06E-AE02-4555-B425-431472151694}
	EndGlobalSection
EndGlobal
